
Microsoft Visual Studio Solution File, Format Version 12.00
# Visual Studio Version 17
VisualStudioVersion = 17.9.34616.47
MinimumVisualStudioVersion = 10.0.40219.1
Project("{2150E333-8FDC-42A3-9474-1A3956D46DE8}") = "Core", "Core", "{F7623750-71CB-4A6B-91DD-2DBEA05A826D}"
EndProject
Project("{2150E333-8FDC-42A3-9474-1A3956D46DE8}") = "Presentation", "Presentation", "{8972C80E-4B2E-4535-BFC8-AB1571E4E7BD}"
EndProject
Project("{2150E333-8FDC-42A3-9474-1A3956D46DE8}") = "Infrastructure", "Infrastructure", "{9DE73668-033F-4531-B574-690FF682FDCE}"
EndProject
Project("{9A19103F-16F7-4668-BE54-9A1E7A4F7556}") = "e_potreba.Application", "e_potreba.Application\e_potreba.Application.csproj", "{B0615E6A-2FFE-4363-AE40-59C9D47CCE64}"
EndProject
Project("{9A19103F-16F7-4668-BE54-9A1E7A4F7556}") = "e_potreba.API", "e_potreba.API\e_potreba.API.csproj", "{6A1411E7-8263-4F56-9EC4-9B10109BE78D}"
EndProject
Project("{9A19103F-16F7-4668-BE54-9A1E7A4F7556}") = "e_potreba.Domain", "e_potreba.Domain\e_potreba.Domain.csproj", "{C75A6816-2A08-411F-91D5-F97FDC043173}"
EndProject
Project("{FAE04EC0-301F-11D3-BF4B-00C04F79EFBC}") = "e_potreba.Infrastructure", "e_potreba.Infrastructure\e_potreba.Infrastructure.csproj", "{5063DAB3-5D6B-41E0-A91A-CC1FAA1F4D72}"
EndProject
Global
	GlobalSection(SolutionConfigurationPlatforms) = preSolution
		Debug|Any CPU = Debug|Any CPU
		Release|Any CPU = Release|Any CPU
	EndGlobalSection
	GlobalSection(ProjectConfigurationPlatforms) = postSolution
		{B0615E6A-2FFE-4363-AE40-59C9D47CCE64}.Debug|Any CPU.ActiveCfg = Debug|Any CPU
		{B0615E6A-2FFE-4363-AE40-59C9D47CCE64}.Debug|Any CPU.Build.0 = Debug|Any CPU
		{B0615E6A-2FFE-4363-AE40-59C9D47CCE64}.Release|Any CPU.ActiveCfg = Release|Any CPU
		{B0615E6A-2FFE-4363-AE40-59C9D47CCE64}.Release|Any CPU.Build.0 = Release|Any CPU
		{6A1411E7-8263-4F56-9EC4-9B10109BE78D}.Debug|Any CPU.ActiveCfg = Debug|Any CPU
		{6A1411E7-8263-4F56-9EC4-9B10109BE78D}.Debug|Any CPU.Build.0 = Debug|Any CPU
		{6A1411E7-8263-4F56-9EC4-9B10109BE78D}.Release|Any CPU.ActiveCfg = Release|Any CPU
		{6A1411E7-8263-4F56-9EC4-9B10109BE78D}.Release|Any CPU.Build.0 = Release|Any CPU
		{C75A6816-2A08-411F-91D5-F97FDC043173}.Debug|Any CPU.ActiveCfg = Debug|Any CPU
		{C75A6816-2A08-411F-91D5-F97FDC043173}.Debug|Any CPU.Build.0 = Debug|Any CPU
		{C75A6816-2A08-411F-91D5-F97FDC043173}.Release|Any CPU.ActiveCfg = Release|Any CPU
		{C75A6816-2A08-411F-91D5-F97FDC043173}.Release|Any CPU.Build.0 = Release|Any CPU
		{5063DAB3-5D6B-41E0-A91A-CC1FAA1F4D72}.Debug|Any CPU.ActiveCfg = Debug|Any CPU
		{5063DAB3-5D6B-41E0-A91A-CC1FAA1F4D72}.Debug|Any CPU.Build.0 = Debug|Any CPU
		{5063DAB3-5D6B-41E0-A91A-CC1FAA1F4D72}.Release|Any CPU.ActiveCfg = Release|Any CPU
		{5063DAB3-5D6B-41E0-A91A-CC1FAA1F4D72}.Release|Any CPU.Build.0 = Release|Any CPU
	EndGlobalSection
	GlobalSection(SolutionProperties) = preSolution
		HideSolutionNode = FALSE
	EndGlobalSection
	GlobalSection(NestedProjects) = preSolution
		{B0615E6A-2FFE-4363-AE40-59C9D47CCE64} = {F7623750-71CB-4A6B-91DD-2DBEA05A826D}
		{6A1411E7-8263-4F56-9EC4-9B10109BE78D} = {8972C80E-4B2E-4535-BFC8-AB1571E4E7BD}
		{C75A6816-2A08-411F-91D5-F97FDC043173} = {F7623750-71CB-4A6B-91DD-2DBEA05A826D}
		{5063DAB3-5D6B-41E0-A91A-CC1FAA1F4D72} = {9DE73668-033F-4531-B574-690FF682FDCE}
	EndGlobalSection
	GlobalSection(ExtensibilityGlobals) = postSolution
		SolutionGuid = {EA855A6D-099B-4386-9532-6201DF2C2F8F}
	EndGlobalSection
EndGlobal
